version = 1
revision = 3
requires-python = "==3.14.2"

[[package]]
name = "drnb-plugin-ncvis"
version = "0.0.1"
source = { editable = "." }
dependencies = [
    { name = "drnb-plugin-sdk-310" },
    { name = "ncvis" },
    { name = "numpy" },
    { name = "scipy" },
]

[package.metadata]
requires-dist = [
    { name = "drnb-plugin-sdk-310", directory = "../../plugin-sdks/drnb-plugin-sdk-310" },
    { name = "ncvis" },
    { name = "numpy", specifier = "<2" },
    { name = "scipy", specifier = ">=1.15.3" },
]

[[package]]
name = "drnb-plugin-sdk-310"
version = "0.1.0"
source = { directory = "../../plugin-sdks/drnb-plugin-sdk-310" }
dependencies = [
    { name = "numpy" },
]

[package.metadata]
requires-dist = [
    { name = "numpy", specifier = ">=1.22,<2.1" },
    { name = "pytest", marker = "extra == 'dev'", specifier = ">=8.3.4" },
]
provides-extras = ["dev"]

[[package]]
name = "ncvis"
version = "1.5.13"
source = { registry = "https://pypi.org/simple" }
sdist = { url = "https://files.pythonhosted.org/packages/e8/b0/3653548c88fa032c18e785e4b119be7b4dc6afd8103882913964a5121c1c/ncvis-1.5.13.tar.gz", hash = "sha256:deeb8b2437ff39829261fd86419c00a648a114ff9885af7a8ba11daf76a7bbb7", size = 325873, upload-time = "2023-11-24T15:09:13.801Z" }

[[package]]
name = "numpy"
version = "1.26.4"
source = { registry = "https://pypi.org/simple" }
sdist = { url = "https://files.pythonhosted.org/packages/65/6e/09db70a523a96d25e115e71cc56a6f9031e7b8cd166c1ac8438307c14058/numpy-1.26.4.tar.gz", hash = "sha256:2a02aba9ed12e4ac4eb3ea9421c420301a0c6460d9830d74a9df87efa4912010", size = 15786129, upload-time = "2024-02-06T00:26:44.495Z" }

[[package]]
name = "scipy"
version = "1.15.3"
source = { registry = "https://pypi.org/simple" }
dependencies = [
    { name = "numpy" },
]
sdist = { url = "https://files.pythonhosted.org/packages/0f/37/6964b830433e654ec7485e45a00fc9a27cf868d622838f6b6d9c5ec0d532/scipy-1.15.3.tar.gz", hash = "sha256:eae3cf522bc7df64b42cad3925c876e1b0b6c35c1337c93e12c0f366f55b0eaf", size = 59419214, upload-time = "2025-05-08T16:13:05.955Z" }
